#include <iostream>
#include <string>

using namespace std;
int loveRating;
int qualityMentorRating;
int moneyCareerValue;
int lightWorkerValue;

static void explainLove() {
    if (loveRating == 10 || loveRating == 9) {
        cout << "You are the ultimate power couple and perfect match." << endl;
    }
    else if (loveRating == 8 || loveRating == 7) {
        cout << "You compliment each other well, work, and go good together." << endl;
    }
    else if (loveRating == 6 || loveRating == 5) {
        cout << "You guys bring balance and harmony to each others weaknesses." << endl;
    }
    else if (loveRating == 4 || loveRating == 3) {
        cout << "You are loyal and committed to each other. " << endl;
    }
    else if (loveRating == 2 || loveRating == 1) {
        cout << "You have a great understanding and mutual respect for each other. " << endl;
    }
    else if (loveRating == 0) {
        cout << "You settled for someone natural. Not crazy about them." << endl;
    }
    else if (loveRating == -1 || loveRating == -2) {
        cout << "Run! Do not stay here. " << endl;
    }
    else if (loveRating == -3 || loveRating == -4) {
        cout << "You are sad & stressed. " << endl;
    }
    else if (loveRating == -5 || loveRating == -6) {
        cout << "You are in a toxic relationship full of games. Walking on eggshells. " << endl;
    }
    else if (loveRating == -7 || loveRating == -8) {
        cout << "You are depressed and looking elsewhere to cheat. " << endl;
    }
    else if (loveRating == -9 || loveRating == -10) {
        cout << "You have given up on finding true happiness and love. " << endl;
    }
}
static void explainMentor() {
    if (qualityMentorRating == 10 || qualityMentorRating == 9) {
        cout << "You are amongst Gods/creators on a high level." << endl;
    }
    else if (qualityMentorRating == 8 || qualityMentorRating == 7) {
        cout << "The cohort you are in is great." << endl;
    }
    else if (qualityMentorRating == 6 || qualityMentorRating == 5) {
        cout << "You have good friends." << endl;
    }
    else if (qualityMentorRating == 4 || qualityMentorRating == 3) {
        cout << "You have loyal friends." << endl;
    }
    else if (qualityMentorRating == 2 || qualityMentorRating == 1) {
        cout << "You have some steady friends." << endl;
    }
    else if (qualityMentorRating == 0) {
        cout << "Your social life is not important. You have no desire, drive, and/or time to focus on a social life." << endl;
    }
    else if (qualityMentorRating == -1 || qualityMentorRating == -2) {
        cout << "Your circle of friends sucks. Get new friends. " << endl;
    }
    else if (qualityMentorRating == -3 || qualityMentorRating == -4) {
        cout << "You are stressed and drained in a world of negativity & depression. " << endl;
    }
    else if (qualityMentorRating == -5 || qualityMentorRating == -6) {
        cout << "You have an unresolved past and grudges. " << endl;
    }
    else if (qualityMentorRating == -7 || qualityMentorRating == -8) {
        cout << "There are a lot of hidden issues. " << endl;
    }
    else if (qualityMentorRating == -9 || qualityMentorRating == -10) {
        cout << "There is a lot of supressed trauma. " << endl;
    }
}
static void explainMoney() {
    if (moneyCareerValue == 10 || moneyCareerValue == 9) {
        cout << "Your job is perfect & epic. You are changing the world." << endl;
    }
    else if (moneyCareerValue == 8 || moneyCareerValue == 7) {
        cout << "Your Job is very rewarding & you love coming into work." << endl;
    }
    else if (moneyCareerValue == 6 || moneyCareerValue == 5) {
        cout << "You love your job." << endl;
    }
    else if (moneyCareerValue == 4 || moneyCareerValue == 3) {
        cout << "You like your job. The enviroment & work place is good. " << endl;
    }
    else if (moneyCareerValue == 2 || moneyCareerValue == 1) {
        cout << "Your job is stress free, balanced, and minimal micromanaging." << endl;
    }
    else if (moneyCareerValue == 0) {
        cout << "You are playing it safe. Your job does not matter to you. " << endl;
    }
    else if (moneyCareerValue == -1 || moneyCareerValue == -2) {
        cout << "You hate your job & going to work. Find another job. " << endl;
    }
    else if (moneyCareerValue == -3 || moneyCareerValue == -4) {
        cout << "Your job is stressful & depressing. " << endl;
    }
    else if (moneyCareerValue == -5 || moneyCareerValue == -6) {
        cout << "You dont belong there. Work life really sucks. " << endl;
    }
    else if (moneyCareerValue == -7 || moneyCareerValue == -8) {
        cout << "You are growing grey hair, depressed and feeling hopeless. " << endl;
    }
    else if (moneyCareerValue == -9 || moneyCareerValue == -10) {
        cout << "YOU ARE GOING TO DIE! DANGER!!! " << endl;
    }
}
static void explainLightWorker() {
    if (lightWorkerValue == 10 || lightWorkerValue == 9) {
        cout << "You are living your best life, you found your tribe of change makers." << endl;
    }
    else if (lightWorkerValue == 8 || lightWorkerValue == 7) {
        cout << "You are among true leaders." << endl;
    }
    else if (lightWorkerValue == 6 || lightWorkerValue == 5) {
        cout << "You are in the presence of greatness." << endl;
    }
    else if (lightWorkerValue == 4 || lightWorkerValue == 3) {
        cout << "You are in good company." << endl;
    }
    else if (lightWorkerValue == 2 || lightWorkerValue == 1) {
        cout << "God sends angels." << endl;
    }
    else if (lightWorkerValue == 0) {
        cout << "You can do way better. Seek and you shall find." << endl;
    }
    else if (lightWorkerValue == -1 || lightWorkerValue == -2) {
        cout << "Run! You are in the wrong crowd. " << endl;
    }
    else if (lightWorkerValue == -3 || lightWorkerValue == -4) {
        cout << "These people make you sick. " << endl;
    }
    else if (lightWorkerValue == -5 || lightWorkerValue == -6) {
        cout << "You are in danger! People are toxic to your mental health. " << endl;
    }
    else if (lightWorkerValue == -7 || lightWorkerValue == -8) {
        cout << "Get out! Run! You should not associate with anyone,organization and/or place.  " << endl;
    }
    else if (lightWorkerValue == -9 || lightWorkerValue == -10) {
        cout << "You are among the devil and evil people, aka Demons. " << endl;
    }
}

int main() {
    string questions[5] = {
       "How does it feel to help and service people in need?",
       "How does it feel when people tell you what to do and how to live all day?",
       "How does your job or volunteering make you feel?",
       "If you succeeded with all your ambitions and dreams, how would you feel?",
    };

    int ratings[4]; // To store ratings for each question
    const int numQuestions = 4;

    for (int i = 0; i < numQuestions; ++i) {
        cout << questions[i] << endl;
        cout << "Please rate your feeling from very bad -5 to very good 5. 0 is neutral" << endl;
        int rating; 
        cin >> rating;
        ratings[i] = rating;

    }

    // Calculate the additional ratings as requested
    // have to change these ratings to public variables 
     loveRating = ratings[0] + ratings[1];                // Question 1 + Question 2
     qualityMentorRating = ratings[1] + ratings[2];       // Question 2 + Question 3
     moneyCareerValue = ratings[2] + ratings[3];          // Question 3 + Question 4
     lightWorkerValue = ratings[3] + ratings[0];          //Question 4 + Question 1
    
   
    // Display calculated ratings
    cout << " " << endl;
    cout << "Your love rating describes where you are in your love life, is your current partner a good fit?" << endl;
    cout << "Love Rating: " << loveRating << endl;
    explainLove();
    cout << " " << endl; // this spaces out the texts and makes the end product look more presentable 
    cout << "Your quality mentor rating describes how your social life is. " << endl;
    cout << "Quality Mentor Rating: " << qualityMentorRating << endl;
    explainMentor();
    cout << " " << endl;
    cout << "Your money/career rating describes if you care about money, is money everything?" << endl;
    cout << "Money/Career Rating: " << moneyCareerValue << endl;
    explainMoney();
    cout << " " << endl;
    cout << "You are a cosmic being with purpose, destiny and ability to uplift humanity. This is not your 1st time on earth." << endl;
    cout << "Light Worker Rating: " << lightWorkerValue << endl;
    explainLightWorker();
    return 0;
}
